
Microsoft Visual Studio Solution File, Format Version 12.00
# Visual Studio Version 17
VisualStudioVersion = 17.9.34407.89
MinimumVisualStudioVersion = 10.0.40219.1
Project("{9A19103F-16F7-4668-BE54-9A1E7A4F7556}") = "Multi-Tools", "Multi-Tools.csproj", "{57F48AF6-C4CA-491B-9268-A4D299B68757}"
EndProject
Global
	GlobalSection(SolutionConfigurationPlatforms) = preSolution
		Debug|Any CPU = Debug|Any CPU
		Debug|x64 = Debug|x64
		Release|Any CPU = Release|Any CPU
		Release|x64 = Release|x64
		test|Any CPU = test|Any CPU
		test|x64 = test|x64
	EndGlobalSection
	GlobalSection(ProjectConfigurationPlatforms) = postSolution
		{57F48AF6-C4CA-491B-9268-A4D299B68757}.Debug|Any CPU.ActiveCfg = Debug|Any CPU
		{57F48AF6-C4CA-491B-9268-A4D299B68757}.Debug|Any CPU.Build.0 = Debug|Any CPU
		{57F48AF6-C4CA-491B-9268-A4D299B68757}.Debug|x64.ActiveCfg = Debug|x64
		{57F48AF6-C4CA-491B-9268-A4D299B68757}.Debug|x64.Build.0 = Debug|x64
		{57F48AF6-C4CA-491B-9268-A4D299B68757}.Release|Any CPU.ActiveCfg = Release|Any CPU
		{57F48AF6-C4CA-491B-9268-A4D299B68757}.Release|Any CPU.Build.0 = Release|Any CPU
		{57F48AF6-C4CA-491B-9268-A4D299B68757}.Release|x64.ActiveCfg = Release|x64
		{57F48AF6-C4CA-491B-9268-A4D299B68757}.Release|x64.Build.0 = Release|x64
		{57F48AF6-C4CA-491B-9268-A4D299B68757}.test|Any CPU.ActiveCfg = Release|Any CPU
		{57F48AF6-C4CA-491B-9268-A4D299B68757}.test|Any CPU.Build.0 = Release|Any CPU
		{57F48AF6-C4CA-491B-9268-A4D299B68757}.test|x64.ActiveCfg = Release|x64
	EndGlobalSection
	GlobalSection(SolutionProperties) = preSolution
		HideSolutionNode = FALSE
	EndGlobalSection
	GlobalSection(ExtensibilityGlobals) = postSolution
		SolutionGuid = {6D0ACA10-434C-48E4-B515-DA3BE9FFEFCF}
	EndGlobalSection
EndGlobal
